
Microsoft Visual Studio Solution File, Format Version 12.00
# Blend for Visual Studio Version 16
VisualStudioVersion = 16.0.31911.196
MinimumVisualStudioVersion = 10.0.40219.1
Project("{9A19103F-16F7-4668-BE54-9A1E7A4F7556}") = "XGuiAppViews", "XGuiAppViews\XGuiAppViews.csproj", "{A09E0A43-6ED2-4BE3-BE66-880F4D738038}"
EndProject
Global
	GlobalSection(SolutionConfigurationPlatforms) = preSolution
		Debug|Any CPU = Debug|Any CPU
		Release|Any CPU = Release|Any CPU
	EndGlobalSection
	GlobalSection(ProjectConfigurationPlatforms) = postSolution
		{A09E0A43-6ED2-4BE3-BE66-880F4D738038}.Debug|Any CPU.ActiveCfg = Debug|Any CPU
		{A09E0A43-6ED2-4BE3-BE66-880F4D738038}.Debug|Any CPU.Build.0 = Debug|Any CPU
		{A09E0A43-6ED2-4BE3-BE66-880F4D738038}.Release|Any CPU.ActiveCfg = Release|Any CPU
		{A09E0A43-6ED2-4BE3-BE66-880F4D738038}.Release|Any CPU.Build.0 = Release|Any CPU
	EndGlobalSection
	GlobalSection(SolutionProperties) = preSolution
		HideSolutionNode = FALSE
	EndGlobalSection
	GlobalSection(ExtensibilityGlobals) = postSolution
		SolutionGuid = {B476C0CE-9B52-464B-8A03-2A15E3395E87}
	EndGlobalSection
EndGlobal
